
Microsoft Visual Studio Solution File, Format Version 12.00
# Visual Studio Version 18
VisualStudioVersion = 18.5.11723.231
MinimumVisualStudioVersion = 10.0.40219.1
Project("{2150E333-8FDC-42A3-9474-1A3956D46DE8}") = "src", "src", "{827E0CD3-B72D-47B6-A68D-7590B98EB39B}"
	ProjectSection(SolutionItems) = preProject
		src\Directory.Build.Props = src\Directory.Build.Props
	EndProjectSection
EndProject
Project("{2150E333-8FDC-42A3-9474-1A3956D46DE8}") = "Solution Items", "Solution Items", "{089100B1-113F-4E66-888A-E83F3999EAFD}"
	ProjectSection(SolutionItems) = preProject
		.github\workflows\BuildAndTest.yml = .github\workflows\BuildAndTest.yml
		.github\workflows\CreateRelease.yml = .github\workflows\CreateRelease.yml
		Generate-IBuilders.ps1 = Generate-IBuilders.ps1
		kiota-generate.ps1 = kiota-generate.ps1
		.github\workflows\PublishToNuGet.yml = .github\workflows\PublishToNuGet.yml
		README.md = README.md
	EndProjectSection
EndProject
Project("{2150E333-8FDC-42A3-9474-1A3956D46DE8}") = "resources", "resources", "{7F74F24B-7313-8368-FB46-4872DBD77787}"
	ProjectSection(SolutionItems) = preProject
		resources\loket-openapi.json = resources\loket-openapi.json
	EndProjectSection
EndProject
Project("{2150E333-8FDC-42A3-9474-1A3956D46DE8}") = "examples", "examples", "{02EA681E-C7D8-13C7-8484-4AC65E1B71E8}"
EndProject
Project("{FAE04EC0-301F-11D3-BF4B-00C04F79EFBC}") = "ConsoleApp", "examples\ConsoleApp\ConsoleApp.csproj", "{6593AF44-A596-CCF5-3363-0C2E74DFEE34}"
EndProject
Project("{2150E333-8FDC-42A3-9474-1A3956D46DE8}") = "test", "test", "{0C88DD14-F956-CE84-757C-A364CCF449FC}"
EndProject
Project("{FAE04EC0-301F-11D3-BF4B-00C04F79EFBC}") = "Loket.Api.Client", "src\Loket.Api.Client\Loket.Api.Client.csproj", "{2D8D04BE-E9F6-DBB2-2FB9-E7F95816D05F}"
EndProject
Project("{FAE04EC0-301F-11D3-BF4B-00C04F79EFBC}") = "Loket.Api.Client.Authentication", "src\Loket.Api.Client.Authentication\Loket.Api.Client.Authentication.csproj", "{DB7CB385-0E9F-A3E6-F8D0-BC2483C7EAD9}"
EndProject
Project("{FAE04EC0-301F-11D3-BF4B-00C04F79EFBC}") = "Loket.Api.Client.Authentication.Kiota", "src\Loket.Api.Client.Authentication.Kiota\Loket.Api.Client.Authentication.Kiota.csproj", "{95C45D3D-CA84-903F-8C44-015B0E8E7E96}"
EndProject
Global
	GlobalSection(SolutionConfigurationPlatforms) = preSolution
		Debug|Any CPU = Debug|Any CPU
		Release|Any CPU = Release|Any CPU
	EndGlobalSection
	GlobalSection(ProjectConfigurationPlatforms) = postSolution
		{6593AF44-A596-CCF5-3363-0C2E74DFEE34}.Debug|Any CPU.ActiveCfg = Debug|Any CPU
		{6593AF44-A596-CCF5-3363-0C2E74DFEE34}.Debug|Any CPU.Build.0 = Debug|Any CPU
		{6593AF44-A596-CCF5-3363-0C2E74DFEE34}.Release|Any CPU.ActiveCfg = Release|Any CPU
		{6593AF44-A596-CCF5-3363-0C2E74DFEE34}.Release|Any CPU.Build.0 = Release|Any CPU
		{2D8D04BE-E9F6-DBB2-2FB9-E7F95816D05F}.Debug|Any CPU.ActiveCfg = Debug|Any CPU
		{2D8D04BE-E9F6-DBB2-2FB9-E7F95816D05F}.Debug|Any CPU.Build.0 = Debug|Any CPU
		{2D8D04BE-E9F6-DBB2-2FB9-E7F95816D05F}.Release|Any CPU.ActiveCfg = Release|Any CPU
		{2D8D04BE-E9F6-DBB2-2FB9-E7F95816D05F}.Release|Any CPU.Build.0 = Release|Any CPU
		{DB7CB385-0E9F-A3E6-F8D0-BC2483C7EAD9}.Debug|Any CPU.ActiveCfg = Debug|Any CPU
		{DB7CB385-0E9F-A3E6-F8D0-BC2483C7EAD9}.Debug|Any CPU.Build.0 = Debug|Any CPU
		{DB7CB385-0E9F-A3E6-F8D0-BC2483C7EAD9}.Release|Any CPU.ActiveCfg = Release|Any CPU
		{DB7CB385-0E9F-A3E6-F8D0-BC2483C7EAD9}.Release|Any CPU.Build.0 = Release|Any CPU
		{95C45D3D-CA84-903F-8C44-015B0E8E7E96}.Debug|Any CPU.ActiveCfg = Debug|Any CPU
		{95C45D3D-CA84-903F-8C44-015B0E8E7E96}.Debug|Any CPU.Build.0 = Debug|Any CPU
		{95C45D3D-CA84-903F-8C44-015B0E8E7E96}.Release|Any CPU.ActiveCfg = Release|Any CPU
		{95C45D3D-CA84-903F-8C44-015B0E8E7E96}.Release|Any CPU.Build.0 = Release|Any CPU
	EndGlobalSection
	GlobalSection(SolutionProperties) = preSolution
		HideSolutionNode = FALSE
	EndGlobalSection
	GlobalSection(NestedProjects) = preSolution
		{6593AF44-A596-CCF5-3363-0C2E74DFEE34} = {02EA681E-C7D8-13C7-8484-4AC65E1B71E8}
		{2D8D04BE-E9F6-DBB2-2FB9-E7F95816D05F} = {827E0CD3-B72D-47B6-A68D-7590B98EB39B}
		{DB7CB385-0E9F-A3E6-F8D0-BC2483C7EAD9} = {827E0CD3-B72D-47B6-A68D-7590B98EB39B}
		{95C45D3D-CA84-903F-8C44-015B0E8E7E96} = {827E0CD3-B72D-47B6-A68D-7590B98EB39B}
	EndGlobalSection
	GlobalSection(ExtensibilityGlobals) = postSolution
		SolutionGuid = {0828E0B1-F03B-47AB-B2E4-963753F033A3}
	EndGlobalSection
EndGlobal
